
Microsoft Visual Studio Solution File, Format Version 12.00
# Visual Studio Version 16
VisualStudioVersion = 16.0.30011.22
MinimumVisualStudioVersion = 10.0.40219.1
Project("{34036844-64E7-43A5-9151-4AD90E180989}") = "modules", "modules\modules.iotedgeproj", "{8611E53E-8844-40B0-9DDD-A95FD048DBC7}"
EndProject
Project("{9A19103F-16F7-4668-BE54-9A1E7A4F7556}") = "huemodule", "huemodule\huemodule.csproj", "{D2AB064B-2663-4F0C-A4A8-856FD5D9B77B}"
EndProject
Project("{9A19103F-16F7-4668-BE54-9A1E7A4F7556}") = "functions", "functions\functions.csproj", "{D2DC7810-E784-4823-9141-7E51F36F02D0}"
EndProject
Project("{2150E333-8FDC-42A3-9474-1A3956D46DE8}") = "Solution Items", "Solution Items", "{2C79DF22-A534-4AC0-BAA4-68235F1B4691}"
	ProjectSection(SolutionItems) = preProject
		notes.txt = notes.txt
	EndProjectSection
EndProject
Project("{9A19103F-16F7-4668-BE54-9A1E7A4F7556}") = "carmodule", "carmodule\carmodule.csproj", "{B82B0195-C174-40D5-8474-166A3D93B864}"
EndProject
Project("{9A19103F-16F7-4668-BE54-9A1E7A4F7556}") = "iotedgeapiclient", "edgeapiclient\iotedgeapiclient.csproj", "{57C9EED1-29D5-4B42-9C4B-2C9026014418}"
EndProject
Global
	GlobalSection(SolutionConfigurationPlatforms) = preSolution
		Debug|Any CPU = Debug|Any CPU
		Release|Any CPU = Release|Any CPU
	EndGlobalSection
	GlobalSection(ProjectConfigurationPlatforms) = postSolution
		{8611E53E-8844-40B0-9DDD-A95FD048DBC7}.Debug|Any CPU.ActiveCfg = Debug|Any CPU
		{8611E53E-8844-40B0-9DDD-A95FD048DBC7}.Debug|Any CPU.Build.0 = Debug|Any CPU
		{8611E53E-8844-40B0-9DDD-A95FD048DBC7}.Release|Any CPU.ActiveCfg = Release|Any CPU
		{8611E53E-8844-40B0-9DDD-A95FD048DBC7}.Release|Any CPU.Build.0 = Release|Any CPU
		{D2AB064B-2663-4F0C-A4A8-856FD5D9B77B}.Debug|Any CPU.ActiveCfg = Debug|Any CPU
		{D2AB064B-2663-4F0C-A4A8-856FD5D9B77B}.Debug|Any CPU.Build.0 = Debug|Any CPU
		{D2AB064B-2663-4F0C-A4A8-856FD5D9B77B}.Release|Any CPU.ActiveCfg = Release|Any CPU
		{D2AB064B-2663-4F0C-A4A8-856FD5D9B77B}.Release|Any CPU.Build.0 = Release|Any CPU
		{D2DC7810-E784-4823-9141-7E51F36F02D0}.Debug|Any CPU.ActiveCfg = Debug|Any CPU
		{D2DC7810-E784-4823-9141-7E51F36F02D0}.Debug|Any CPU.Build.0 = Debug|Any CPU
		{D2DC7810-E784-4823-9141-7E51F36F02D0}.Release|Any CPU.ActiveCfg = Release|Any CPU
		{D2DC7810-E784-4823-9141-7E51F36F02D0}.Release|Any CPU.Build.0 = Release|Any CPU
		{B82B0195-C174-40D5-8474-166A3D93B864}.Debug|Any CPU.ActiveCfg = Debug|Any CPU
		{B82B0195-C174-40D5-8474-166A3D93B864}.Debug|Any CPU.Build.0 = Debug|Any CPU
		{B82B0195-C174-40D5-8474-166A3D93B864}.Release|Any CPU.ActiveCfg = Release|Any CPU
		{B82B0195-C174-40D5-8474-166A3D93B864}.Release|Any CPU.Build.0 = Release|Any CPU
		{57C9EED1-29D5-4B42-9C4B-2C9026014418}.Debug|Any CPU.ActiveCfg = Debug|Any CPU
		{57C9EED1-29D5-4B42-9C4B-2C9026014418}.Debug|Any CPU.Build.0 = Debug|Any CPU
		{57C9EED1-29D5-4B42-9C4B-2C9026014418}.Release|Any CPU.ActiveCfg = Release|Any CPU
		{57C9EED1-29D5-4B42-9C4B-2C9026014418}.Release|Any CPU.Build.0 = Release|Any CPU
	EndGlobalSection
	GlobalSection(SolutionProperties) = preSolution
		HideSolutionNode = FALSE
	EndGlobalSection
	GlobalSection(ExtensibilityGlobals) = postSolution
		SolutionGuid = {CC3E9791-105D-413D-8203-11BEE98C9C2D}
	EndGlobalSection
EndGlobal
